
Microsoft Visual Studio Solution File, Format Version 12.00
# Visual Studio Version 16
VisualStudioVersion = 16.0.31205.134
MinimumVisualStudioVersion = 10.0.40219.1
Project("{FAE04EC0-301F-11D3-BF4B-00C04F79EFBC}") = "Employee", "Employee\Employee.csproj", "{D659405D-774F-4F42-98AA-435DC8E6CFE2}"
EndProject
Global
	GlobalSection(SolutionConfigurationPlatforms) = preSolution
		Debug|Any CPU = Debug|Any CPU
		Release|Any CPU = Release|Any CPU
	EndGlobalSection
	GlobalSection(ProjectConfigurationPlatforms) = postSolution
		{D659405D-774F-4F42-98AA-435DC8E6CFE2}.Debug|Any CPU.ActiveCfg = Debug|Any CPU
		{D659405D-774F-4F42-98AA-435DC8E6CFE2}.Debug|Any CPU.Build.0 = Debug|Any CPU
		{D659405D-774F-4F42-98AA-435DC8E6CFE2}.Release|Any CPU.ActiveCfg = Release|Any CPU
		{D659405D-774F-4F42-98AA-435DC8E6CFE2}.Release|Any CPU.Build.0 = Release|Any CPU
	EndGlobalSection
	GlobalSection(SolutionProperties) = preSolution
		HideSolutionNode = FALSE
	EndGlobalSection
	GlobalSection(ExtensibilityGlobals) = postSolution
		SolutionGuid = {EE391511-872E-42D4-A2A2-4F78C44901B9}
	EndGlobalSection
EndGlobal
